
Microsoft Visual Studio Solution File, Format Version 12.00
# Visual Studio Version 17
VisualStudioVersion = 17.2.32630.192
MinimumVisualStudioVersion = 10.0.40219.1
Project("{FAE04EC0-301F-11D3-BF4B-00C04F79EFBC}") = "Task5", "Task5\Task5.csproj", "{52E65B2B-D9D4-4BE2-9C37-D30213B08393}"
EndProject
Global
	GlobalSection(SolutionConfigurationPlatforms) = preSolution
		Debug|Any CPU = Debug|Any CPU
		Release|Any CPU = Release|Any CPU
	EndGlobalSection
	GlobalSection(ProjectConfigurationPlatforms) = postSolution
		{52E65B2B-D9D4-4BE2-9C37-D30213B08393}.Debug|Any CPU.ActiveCfg = Debug|Any CPU
		{52E65B2B-D9D4-4BE2-9C37-D30213B08393}.Debug|Any CPU.Build.0 = Debug|Any CPU
		{52E65B2B-D9D4-4BE2-9C37-D30213B08393}.Release|Any CPU.ActiveCfg = Release|Any CPU
		{52E65B2B-D9D4-4BE2-9C37-D30213B08393}.Release|Any CPU.Build.0 = Release|Any CPU
	EndGlobalSection
	GlobalSection(SolutionProperties) = preSolution
		HideSolutionNode = FALSE
	EndGlobalSection
	GlobalSection(ExtensibilityGlobals) = postSolution
		SolutionGuid = {5C5C6FDE-6A0B-4B12-BA5A-9D346039E119}
	EndGlobalSection
EndGlobal
